<Solution>
  <Folder Name="/HTTP Requests/">
    <File Path="Doc/insights.http" />
    <File Path="Doc/registration.http" />
    <File Path="Doc/resolution.http" />
  </Folder>
  <Folder Name="/Solution Items/">
    <File Path=".filenesting.json" />
  </Folder>
  <Project Path="Goto/Goto.csproj" />
  <Project Path="Goto.Tests/Goto.Tests.csproj" />
  <Project Path="DigitalLinkToolkit/DigitalLinkToolkit.csproj" />
</Solution>
